
Microsoft Visual Studio Solution File, Format Version 12.00
# Visual Studio Version 17
VisualStudioVersion = 17.11.35312.102
MinimumVisualStudioVersion = 10.0.40219.1
Project("{FAE04EC0-301F-11D3-BF4B-00C04F79EFBC}") = "HackerNews.ApiClient", "HackerNews.ApiClient\HackerNews.ApiClient.csproj", "{DE46BD66-04B7-4FED-A87E-8D2254E9A28E}"
EndProject
Project("{FAE04EC0-301F-11D3-BF4B-00C04F79EFBC}") = "HackerNews.Services", "HackerNews.Services\HackerNews.Services.csproj", "{95CFB84F-E3F4-48BD-A1BD-902A4F712F9F}"
EndProject
Project("{FAE04EC0-301F-11D3-BF4B-00C04F79EFBC}") = "HackerNews.WebApi", "HackerNews.WebApi\HackerNews.WebApi.csproj", "{C2A10AF9-6EE3-460E-98B8-737F23090F1A}"
EndProject
Global
	GlobalSection(SolutionConfigurationPlatforms) = preSolution
		Debug|Any CPU = Debug|Any CPU
		Release|Any CPU = Release|Any CPU
	EndGlobalSection
	GlobalSection(ProjectConfigurationPlatforms) = postSolution
		{DE46BD66-04B7-4FED-A87E-8D2254E9A28E}.Debug|Any CPU.ActiveCfg = Debug|Any CPU
		{DE46BD66-04B7-4FED-A87E-8D2254E9A28E}.Debug|Any CPU.Build.0 = Debug|Any CPU
		{DE46BD66-04B7-4FED-A87E-8D2254E9A28E}.Release|Any CPU.ActiveCfg = Release|Any CPU
		{DE46BD66-04B7-4FED-A87E-8D2254E9A28E}.Release|Any CPU.Build.0 = Release|Any CPU
		{95CFB84F-E3F4-48BD-A1BD-902A4F712F9F}.Debug|Any CPU.ActiveCfg = Debug|Any CPU
		{95CFB84F-E3F4-48BD-A1BD-902A4F712F9F}.Debug|Any CPU.Build.0 = Debug|Any CPU
		{95CFB84F-E3F4-48BD-A1BD-902A4F712F9F}.Release|Any CPU.ActiveCfg = Release|Any CPU
		{95CFB84F-E3F4-48BD-A1BD-902A4F712F9F}.Release|Any CPU.Build.0 = Release|Any CPU
		{C2A10AF9-6EE3-460E-98B8-737F23090F1A}.Debug|Any CPU.ActiveCfg = Debug|Any CPU
		{C2A10AF9-6EE3-460E-98B8-737F23090F1A}.Debug|Any CPU.Build.0 = Debug|Any CPU
		{C2A10AF9-6EE3-460E-98B8-737F23090F1A}.Release|Any CPU.ActiveCfg = Release|Any CPU
		{C2A10AF9-6EE3-460E-98B8-737F23090F1A}.Release|Any CPU.Build.0 = Release|Any CPU
	EndGlobalSection
	GlobalSection(SolutionProperties) = preSolution
		HideSolutionNode = FALSE
	EndGlobalSection
	GlobalSection(ExtensibilityGlobals) = postSolution
		SolutionGuid = {7AB12026-A512-4E21-9B44-968CFCF81271}
	EndGlobalSection
EndGlobal
